
Microsoft Visual Studio Solution File, Format Version 12.00
# Visual Studio Version 17
VisualStudioVersion = 17.2.32519.379
MinimumVisualStudioVersion = 10.0.40219.1
Project("{9A19103F-16F7-4668-BE54-9A1E7A4F7556}") = "UserRegistrationNunitTest", "UserRegistrationNunitTest\UserRegistrationNunitTest.csproj", "{737B9598-F76A-4D4B-BD0F-EDADB20C49BC}"
EndProject
Project("{FAE04EC0-301F-11D3-BF4B-00C04F79EFBC}") = "UserRegNunitTesting", "UserRegNunitTesting\UserRegNunitTesting.csproj", "{55FBC095-E7C4-4AEF-9CDF-15AC264031A3}"
EndProject
Global
	GlobalSection(SolutionConfigurationPlatforms) = preSolution
		Debug|Any CPU = Debug|Any CPU
		Release|Any CPU = Release|Any CPU
	EndGlobalSection
	GlobalSection(ProjectConfigurationPlatforms) = postSolution
		{737B9598-F76A-4D4B-BD0F-EDADB20C49BC}.Debug|Any CPU.ActiveCfg = Debug|Any CPU
		{737B9598-F76A-4D4B-BD0F-EDADB20C49BC}.Debug|Any CPU.Build.0 = Debug|Any CPU
		{737B9598-F76A-4D4B-BD0F-EDADB20C49BC}.Release|Any CPU.ActiveCfg = Release|Any CPU
		{737B9598-F76A-4D4B-BD0F-EDADB20C49BC}.Release|Any CPU.Build.0 = Release|Any CPU
		{55FBC095-E7C4-4AEF-9CDF-15AC264031A3}.Debug|Any CPU.ActiveCfg = Debug|Any CPU
		{55FBC095-E7C4-4AEF-9CDF-15AC264031A3}.Debug|Any CPU.Build.0 = Debug|Any CPU
		{55FBC095-E7C4-4AEF-9CDF-15AC264031A3}.Release|Any CPU.ActiveCfg = Release|Any CPU
		{55FBC095-E7C4-4AEF-9CDF-15AC264031A3}.Release|Any CPU.Build.0 = Release|Any CPU
	EndGlobalSection
	GlobalSection(SolutionProperties) = preSolution
		HideSolutionNode = FALSE
	EndGlobalSection
	GlobalSection(ExtensibilityGlobals) = postSolution
		SolutionGuid = {0298FC24-BE65-41B8-A518-E87DA24D2A9D}
	EndGlobalSection
EndGlobal
